<?xml version="1.0" encoding="utf-8"?>
<Project ToolsVersion="4.0" xmlns="http://schemas.microsoft.com/developer/msbuild/2003">
  <ItemGroup>
    <Filter Include="core">
      <UniqueIdentifier>{A1B2C3D4-E5F6-7890-ABCD-EF1234567890}</UniqueIdentifier>
    </Filter>
    <Filter Include="scene">
      <UniqueIdentifier>{B2C3D4E5-F6A7-8901-BCDE-F12345678901}</UniqueIdentifier>
    </Filter>
    <Filter Include="component">
      <UniqueIdentifier>{C3D4E5F6-A7B8-9012-CDEF-123456789012}</UniqueIdentifier>
    </Filter>
    <Filter Include="system">
      <UniqueIdentifier>{D4E5F6A7-B8C9-0123-DEFA-234567890123}</UniqueIdentifier>
    </Filter>
    <Filter Include="entity">
      <UniqueIdentifier>{E5F6A7B8-C9D0-1234-EFAB-345678901234}</UniqueIdentifier>
    </Filter>
    <Filter Include="utils">
      <UniqueIdentifier>{F6A7B8C9-D0E1-2345-FABC-456789012345}</UniqueIdentifier>
    </Filter>
  </ItemGroup>
  <ItemGroup>
    <ClInclude Include="include\core\Scene.h">
      <Filter>core</Filter>
    </ClInclude>
    <ClInclude Include="include\core\Game.h">
      <Filter>core</Filter>
    </ClInclude>
    <ClInclude Include="include\core\GameTimer.h">
      <Filter>core</Filter>
    </ClInclude>
    <ClInclude Include="include\core\SceneManager.h">
      <Filter>core</Filter>
    </ClInclude>
    <ClInclude Include="include\scene\SplashScene.h">
      <Filter>scene</Filter>
    </ClInclude>
    <ClInclude Include="include\scene\MenuScene.h">
      <Filter>scene</Filter>
    </ClInclude>
    <ClInclude Include="include\scene\HelpScene.h">
      <Filter>scene</Filter>
    </ClInclude>
    <ClInclude Include="include\scene\AboutScene.h">
      <Filter>scene</Filter>
    </ClInclude>
    <ClInclude Include="include\scene\SettingsScene.h">
      <Filter>scene</Filter>
    </ClInclude>
    <ClInclude Include="include\scene\GameplayScene.h">
      <Filter>scene</Filter>
    </ClInclude>
    <ClInclude Include="include\scene\PauseScene.h">
      <Filter>scene</Filter>
    </ClInclude>
    <ClInclude Include="include\scene\VictoryScene.h">
      <Filter>scene</Filter>
    </ClInclude>
    <ClInclude Include="include\scene\DefeatScene.h">
      <Filter>scene</Filter>
    </ClInclude>
    <ClInclude Include="include\entity\Plant.h">
      <Filter>entity</Filter>
    </ClInclude>
    <ClInclude Include="include\entity\SunFlower.h">
      <Filter>entity</Filter>
    </ClInclude>
    <ClInclude Include="include\entity\PeaShooter.h">
      <Filter>entity</Filter>
    </ClInclude>
    <ClInclude Include="include\entity\Zombie.h">
      <Filter>entity</Filter>
    </ClInclude>
    <ClInclude Include="include\entity\NormalZombie.h">
      <Filter>entity</Filter>
    </ClInclude>
    <ClInclude Include="include\entity\BucketZombie.h">
      <Filter>entity</Filter>
    </ClInclude>
    <ClInclude Include="include\entity\Bullet.h">
      <Filter>entity</Filter>
    </ClInclude>
    <ClInclude Include="include\entity\Sun.h">
      <Filter>entity</Filter>
    </ClInclude>
    <ClInclude Include="include\component\Button.h">
      <Filter>component</Filter>
    </ClInclude>
    <ClInclude Include="include\component\Card.h">
      <Filter>component</Filter>
    </ClInclude>
    <ClInclude Include="include\component\HUD.h">
      <Filter>component</Filter>
    </ClInclude>
    <ClInclude Include="include\system\InputManager.h">
      <Filter>system</Filter>
    </ClInclude>
    <ClInclude Include="include\system\Map.h">
      <Filter>system</Filter>
    </ClInclude>
    <ClInclude Include="include\system\ResourceManager.h">
      <Filter>system</Filter>
    </ClInclude>
    <ClInclude Include="include\system\CollisionManager.h">
      <Filter>system</Filter>
    </ClInclude>
    <ClInclude Include="include\system\WaveManager.h">
      <Filter>system</Filter>
    </ClInclude>
    <ClInclude Include="include\utils\Config.h">
      <Filter>utils</Filter>
    </ClInclude>
    <ClInclude Include="include\utils\Constants.h">
      <Filter>utils</Filter>
    </ClInclude>
  </ItemGroup>
  <ItemGroup>
    <ClCompile Include="project\src\main.cpp">
      <Filter>core</Filter>
    </ClCompile>
    <ClCompile Include="project\src\core\Game.cpp">
      <Filter>core</Filter>
    </ClCompile>
    <ClCompile Include="project\src\core\GameTimer.cpp">
      <Filter>core</Filter>
    </ClCompile>
    <ClCompile Include="project\src\core\SceneManager.cpp">
      <Filter>core</Filter>
    </ClCompile>
    <ClCompile Include="project\src\scene\SplashScene.cpp">
      <Filter>scene</Filter>
    </ClCompile>
    <ClCompile Include="project\src\scene\MenuScene.cpp">
      <Filter>scene</Filter>
    </ClCompile>
    <ClCompile Include="project\src\scene\HelpScene.cpp">
      <Filter>scene</Filter>
    </ClCompile>
    <ClCompile Include="project\src\scene\AboutScene.cpp">
      <Filter>scene</Filter>
    </ClCompile>
    <ClCompile Include="project\src\scene\SettingsScene.cpp">
      <Filter>scene</Filter>
    </ClCompile>
    <ClCompile Include="project\src\scene\GameplayScene.cpp">
      <Filter>scene</Filter>
    </ClCompile>
    <ClCompile Include="project\src\scene\PauseScene.cpp">
      <Filter>scene</Filter>
    </ClCompile>
    <ClCompile Include="project\src\scene\VictoryScene.cpp">
      <Filter>scene</Filter>
    </ClCompile>
    <ClCompile Include="project\src\scene\DefeatScene.cpp">
      <Filter>scene</Filter>
    </ClCompile>
    <ClCompile Include="project\src\entity\Plant.cpp">
      <Filter>entity</Filter>
    </ClCompile>
    <ClCompile Include="project\src\entity\SunFlower.cpp">
      <Filter>entity</Filter>
    </ClCompile>
    <ClCompile Include="project\src\entity\PeaShooter.cpp">
      <Filter>entity</Filter>
    </ClCompile>
    <ClCompile Include="project\src\entity\Zombie.cpp">
      <Filter>entity</Filter>
    </ClCompile>
    <ClCompile Include="project\src\entity\NormalZombie.cpp">
      <Filter>entity</Filter>
    </ClCompile>
    <ClCompile Include="project\src\entity\BucketZombie.cpp">
      <Filter>entity</Filter>
    </ClCompile>
    <ClCompile Include="project\src\entity\Bullet.cpp">
      <Filter>entity</Filter>
    </ClCompile>
    <ClCompile Include="project\src\entity\Sun.cpp">
      <Filter>entity</Filter>
    </ClCompile>
    <ClCompile Include="project\src\component\Button.cpp">
      <Filter>component</Filter>
    </ClCompile>
    <ClCompile Include="project\src\component\Card.cpp">
      <Filter>component</Filter>
    </ClCompile>
    <ClCompile Include="project\src\component\HUD.cpp">
      <Filter>component</Filter>
    </ClCompile>
    <ClCompile Include="project\src\system\InputManager.cpp">
      <Filter>system</Filter>
    </ClCompile>
    <ClCompile Include="project\src\system\Map.cpp">
      <Filter>system</Filter>
    </ClCompile>
    <ClCompile Include="project\src\system\ResourceManager.cpp">
      <Filter>system</Filter>
    </ClCompile>
    <ClCompile Include="project\src\system\CollisionManager.cpp">
      <Filter>system</Filter>
    </ClCompile>
    <ClCompile Include="project\src\system\WaveManager.cpp">
      <Filter>system</Filter>
    </ClCompile>
    <ClCompile Include="project\src\utils\Config.cpp">
      <Filter>utils</Filter>
    </ClCompile>
  </ItemGroup>
</Project>
